
Microsoft Visual Studio Solution File, Format Version 12.00
# Visual Studio Version 17
VisualStudioVersion = 17.10.35027.167
MinimumVisualStudioVersion = 10.0.40219.1
Project("{9A19103F-16F7-4668-BE54-9A1E7A4F7556}") = "03.SoftUniBarIncome", "03.SoftUniBarIncome\03.SoftUniBarIncome.csproj", "{837BB0C7-90B9-4D69-9520-35C252FDDAF7}"
EndProject
Project("{9A19103F-16F7-4668-BE54-9A1E7A4F7556}") = "04.StarEnigma", "04.StarEnigma\04.StarEnigma.csproj", "{6BB7D745-93FC-4A0A-B6C9-CE1C92D4DC10}"
EndProject
Project("{FAE04EC0-301F-11D3-BF4B-00C04F79EFBC}") = "05.NetherRealms", "05.NetherRealms\05.NetherRealms.csproj", "{67598348-0D95-4609-88CB-7829B28F21D3}"
EndProject
Global
	GlobalSection(SolutionConfigurationPlatforms) = preSolution
		Debug|Any CPU = Debug|Any CPU
		Release|Any CPU = Release|Any CPU
	EndGlobalSection
	GlobalSection(ProjectConfigurationPlatforms) = postSolution
		{837BB0C7-90B9-4D69-9520-35C252FDDAF7}.Debug|Any CPU.ActiveCfg = Debug|Any CPU
		{837BB0C7-90B9-4D69-9520-35C252FDDAF7}.Debug|Any CPU.Build.0 = Debug|Any CPU
		{837BB0C7-90B9-4D69-9520-35C252FDDAF7}.Release|Any CPU.ActiveCfg = Release|Any CPU
		{837BB0C7-90B9-4D69-9520-35C252FDDAF7}.Release|Any CPU.Build.0 = Release|Any CPU
		{6BB7D745-93FC-4A0A-B6C9-CE1C92D4DC10}.Debug|Any CPU.ActiveCfg = Debug|Any CPU
		{6BB7D745-93FC-4A0A-B6C9-CE1C92D4DC10}.Debug|Any CPU.Build.0 = Debug|Any CPU
		{6BB7D745-93FC-4A0A-B6C9-CE1C92D4DC10}.Release|Any CPU.ActiveCfg = Release|Any CPU
		{6BB7D745-93FC-4A0A-B6C9-CE1C92D4DC10}.Release|Any CPU.Build.0 = Release|Any CPU
		{67598348-0D95-4609-88CB-7829B28F21D3}.Debug|Any CPU.ActiveCfg = Debug|Any CPU
		{67598348-0D95-4609-88CB-7829B28F21D3}.Debug|Any CPU.Build.0 = Debug|Any CPU
		{67598348-0D95-4609-88CB-7829B28F21D3}.Release|Any CPU.ActiveCfg = Release|Any CPU
		{67598348-0D95-4609-88CB-7829B28F21D3}.Release|Any CPU.Build.0 = Release|Any CPU
	EndGlobalSection
	GlobalSection(SolutionProperties) = preSolution
		HideSolutionNode = FALSE
	EndGlobalSection
	GlobalSection(ExtensibilityGlobals) = postSolution
		SolutionGuid = {7BC620B7-C074-46F9-A026-74B0A129F608}
	EndGlobalSection
EndGlobal
