
Microsoft Visual Studio Solution File, Format Version 12.00
# Visual Studio Version 16
VisualStudioVersion = 16.0.34931.43
MinimumVisualStudioVersion = 10.0.40219.1
Project("{9A19103F-16F7-4668-BE54-9A1E7A4F7556}") = "01.ExtractPersonInformation", "01.ExtractPersonInformation\01.ExtractPersonInformation.csproj", "{F258F140-4A77-47D1-9FEF-132D450C6858}"
EndProject
Project("{9A19103F-16F7-4668-BE54-9A1E7A4F7556}") = "02.AsciiSumator", "02.AsciiSumator\02.AsciiSumator.csproj", "{AD938EAE-EAE1-494A-9ABA-0D975AF70903}"
EndProject
Project("{9A19103F-16F7-4668-BE54-9A1E7A4F7556}") = "03.TreasureFinder", "03.TreasureFinder\03.TreasureFinder.csproj", "{9BF6E5D2-F982-4278-9B44-ACC20BC4F12D}"
EndProject
Project("{FAE04EC0-301F-11D3-BF4B-00C04F79EFBC}") = "04.MorseCodeTranslator", "04.MorseCodeTranslator\04.MorseCodeTranslator.csproj", "{8B0B8B69-4CDE-46BE-9778-29B862F3DA24}"
EndProject
Project("{FAE04EC0-301F-11D3-BF4B-00C04F79EFBC}") = "05.HTML", "05.HTML\05.HTML.csproj", "{35B9969B-0EEE-4E6E-A782-A87497702AD5}"
EndProject
Global
	GlobalSection(SolutionConfigurationPlatforms) = preSolution
		Debug|Any CPU = Debug|Any CPU
		Release|Any CPU = Release|Any CPU
	EndGlobalSection
	GlobalSection(ProjectConfigurationPlatforms) = postSolution
		{F258F140-4A77-47D1-9FEF-132D450C6858}.Debug|Any CPU.ActiveCfg = Debug|Any CPU
		{F258F140-4A77-47D1-9FEF-132D450C6858}.Debug|Any CPU.Build.0 = Debug|Any CPU
		{F258F140-4A77-47D1-9FEF-132D450C6858}.Release|Any CPU.ActiveCfg = Release|Any CPU
		{F258F140-4A77-47D1-9FEF-132D450C6858}.Release|Any CPU.Build.0 = Release|Any CPU
		{AD938EAE-EAE1-494A-9ABA-0D975AF70903}.Debug|Any CPU.ActiveCfg = Debug|Any CPU
		{AD938EAE-EAE1-494A-9ABA-0D975AF70903}.Debug|Any CPU.Build.0 = Debug|Any CPU
		{AD938EAE-EAE1-494A-9ABA-0D975AF70903}.Release|Any CPU.ActiveCfg = Release|Any CPU
		{AD938EAE-EAE1-494A-9ABA-0D975AF70903}.Release|Any CPU.Build.0 = Release|Any CPU
		{9BF6E5D2-F982-4278-9B44-ACC20BC4F12D}.Debug|Any CPU.ActiveCfg = Debug|Any CPU
		{9BF6E5D2-F982-4278-9B44-ACC20BC4F12D}.Debug|Any CPU.Build.0 = Debug|Any CPU
		{9BF6E5D2-F982-4278-9B44-ACC20BC4F12D}.Release|Any CPU.ActiveCfg = Release|Any CPU
		{9BF6E5D2-F982-4278-9B44-ACC20BC4F12D}.Release|Any CPU.Build.0 = Release|Any CPU
		{8B0B8B69-4CDE-46BE-9778-29B862F3DA24}.Debug|Any CPU.ActiveCfg = Debug|Any CPU
		{8B0B8B69-4CDE-46BE-9778-29B862F3DA24}.Debug|Any CPU.Build.0 = Debug|Any CPU
		{8B0B8B69-4CDE-46BE-9778-29B862F3DA24}.Release|Any CPU.ActiveCfg = Release|Any CPU
		{8B0B8B69-4CDE-46BE-9778-29B862F3DA24}.Release|Any CPU.Build.0 = Release|Any CPU
		{35B9969B-0EEE-4E6E-A782-A87497702AD5}.Debug|Any CPU.ActiveCfg = Debug|Any CPU
		{35B9969B-0EEE-4E6E-A782-A87497702AD5}.Debug|Any CPU.Build.0 = Debug|Any CPU
		{35B9969B-0EEE-4E6E-A782-A87497702AD5}.Release|Any CPU.ActiveCfg = Release|Any CPU
		{35B9969B-0EEE-4E6E-A782-A87497702AD5}.Release|Any CPU.Build.0 = Release|Any CPU
	EndGlobalSection
	GlobalSection(SolutionProperties) = preSolution
		HideSolutionNode = FALSE
	EndGlobalSection
	GlobalSection(ExtensibilityGlobals) = postSolution
		SolutionGuid = {8DF6CB31-9233-4239-A990-73964E17157F}
	EndGlobalSection
EndGlobal
