
Microsoft Visual Studio Solution File, Format Version 12.00
# Visual Studio Version 17
VisualStudioVersion = 17.9.34701.34
MinimumVisualStudioVersion = 10.0.40219.1
Project("{9A19103F-16F7-4668-BE54-9A1E7A4F7556}") = "01.AdvertisementMessage", "01.AdvertisementMessage\01.AdvertisementMessage.csproj", "{0EF4B0AC-EB7E-4568-8905-2A85B86D8E61}"
EndProject
Project("{9A19103F-16F7-4668-BE54-9A1E7A4F7556}") = "02.Articles", "02.Articles\02.Articles.csproj", "{8687614A-32CA-43C4-A0D8-206EBFF1E955}"
EndProject
Project("{9A19103F-16F7-4668-BE54-9A1E7A4F7556}") = "06.VehicleCatalogue", "06.VehicleCatalogue\06.VehicleCatalogue.csproj", "{F815E806-5F20-4B5B-9CE5-B07FC602E5CE}"
EndProject
Project("{FAE04EC0-301F-11D3-BF4B-00C04F79EFBC}") = "07.OrderByAge", "07.OrderByAge\07.OrderByAge.csproj", "{7F127096-7C07-4653-98AC-61BABD6BE0C8}"
EndProject
Global
	GlobalSection(SolutionConfigurationPlatforms) = preSolution
		Debug|Any CPU = Debug|Any CPU
		Release|Any CPU = Release|Any CPU
	EndGlobalSection
	GlobalSection(ProjectConfigurationPlatforms) = postSolution
		{0EF4B0AC-EB7E-4568-8905-2A85B86D8E61}.Debug|Any CPU.ActiveCfg = Debug|Any CPU
		{0EF4B0AC-EB7E-4568-8905-2A85B86D8E61}.Debug|Any CPU.Build.0 = Debug|Any CPU
		{0EF4B0AC-EB7E-4568-8905-2A85B86D8E61}.Release|Any CPU.ActiveCfg = Release|Any CPU
		{0EF4B0AC-EB7E-4568-8905-2A85B86D8E61}.Release|Any CPU.Build.0 = Release|Any CPU
		{8687614A-32CA-43C4-A0D8-206EBFF1E955}.Debug|Any CPU.ActiveCfg = Debug|Any CPU
		{8687614A-32CA-43C4-A0D8-206EBFF1E955}.Debug|Any CPU.Build.0 = Debug|Any CPU
		{8687614A-32CA-43C4-A0D8-206EBFF1E955}.Release|Any CPU.ActiveCfg = Release|Any CPU
		{8687614A-32CA-43C4-A0D8-206EBFF1E955}.Release|Any CPU.Build.0 = Release|Any CPU
		{F815E806-5F20-4B5B-9CE5-B07FC602E5CE}.Debug|Any CPU.ActiveCfg = Debug|Any CPU
		{F815E806-5F20-4B5B-9CE5-B07FC602E5CE}.Debug|Any CPU.Build.0 = Debug|Any CPU
		{F815E806-5F20-4B5B-9CE5-B07FC602E5CE}.Release|Any CPU.ActiveCfg = Release|Any CPU
		{F815E806-5F20-4B5B-9CE5-B07FC602E5CE}.Release|Any CPU.Build.0 = Release|Any CPU
		{7F127096-7C07-4653-98AC-61BABD6BE0C8}.Debug|Any CPU.ActiveCfg = Debug|Any CPU
		{7F127096-7C07-4653-98AC-61BABD6BE0C8}.Debug|Any CPU.Build.0 = Debug|Any CPU
		{7F127096-7C07-4653-98AC-61BABD6BE0C8}.Release|Any CPU.ActiveCfg = Release|Any CPU
		{7F127096-7C07-4653-98AC-61BABD6BE0C8}.Release|Any CPU.Build.0 = Release|Any CPU
	EndGlobalSection
	GlobalSection(SolutionProperties) = preSolution
		HideSolutionNode = FALSE
	EndGlobalSection
	GlobalSection(ExtensibilityGlobals) = postSolution
		SolutionGuid = {FFB7850D-BBA3-44A6-BBA8-6F87A42AC28E}
	EndGlobalSection
EndGlobal
