
Microsoft Visual Studio Solution File, Format Version 12.00
# Visual Studio Version 17
VisualStudioVersion = 17.11.35303.130
MinimumVisualStudioVersion = 10.0.40219.1
Project("{9A19103F-16F7-4668-BE54-9A1E7A4F7556}") = "01.BasicStackOperations", "01.BasicStackOperations\01.BasicStackOperations.csproj", "{4DDC3490-3EE6-4799-9518-CB7A0D74C991}"
EndProject
Project("{9A19103F-16F7-4668-BE54-9A1E7A4F7556}") = "02.BasicQueueOperations", "02.BasicQueueOperations\02.BasicQueueOperations.csproj", "{074F849E-1A2A-43CA-A7A4-CAC6286BC570}"
EndProject
Project("{9A19103F-16F7-4668-BE54-9A1E7A4F7556}") = "03.MaximumAndMinimumElement", "03.MaximumAndMinimumElement\03.MaximumAndMinimumElement.csproj", "{84E6F9E6-30FA-45D7-99EE-AF1AD8631ECF}"
EndProject
Project("{9A19103F-16F7-4668-BE54-9A1E7A4F7556}") = "04.FastFood", "04.FastFood\04.FastFood.csproj", "{51503108-2CF1-4B9C-944D-F4D3F918E5D1}"
EndProject
Project("{9A19103F-16F7-4668-BE54-9A1E7A4F7556}") = "05.FashionBoutique", "05.FashionBoutique\05.FashionBoutique.csproj", "{14E7B503-FC0C-4F39-BA6D-C88DE6522DB3}"
EndProject
Project("{9A19103F-16F7-4668-BE54-9A1E7A4F7556}") = "06.SongsQueue", "06.SongsQueue\06.SongsQueue.csproj", "{534964FC-F70E-4F8F-AE93-362C550EF017}"
EndProject
Project("{9A19103F-16F7-4668-BE54-9A1E7A4F7556}") = "07.TruckTour", "07.TruckTour\07.TruckTour.csproj", "{569ABCCE-C197-4696-83BC-00BAA70B9E91}"
EndProject
Project("{9A19103F-16F7-4668-BE54-9A1E7A4F7556}") = "08.BalancedParentheses", "08.BalancedParentheses\08.BalancedParentheses.csproj", "{AEC214F3-4723-4B3D-99FB-056BE0D7B74B}"
EndProject
Project("{9A19103F-16F7-4668-BE54-9A1E7A4F7556}") = "09.SimpleTextEditor", "09.SimpleTextEditor\09.SimpleTextEditor.csproj", "{E9A6635A-7326-487E-A075-04B2AAEE8356}"
EndProject
Project("{9A19103F-16F7-4668-BE54-9A1E7A4F7556}") = "10.Crossroads", "10.Crossroads\10.Crossroads.csproj", "{F1869405-5302-4069-B6CD-0A868431306D}"
EndProject
Project("{FAE04EC0-301F-11D3-BF4B-00C04F79EFBC}") = "11.KeyRevolver", "11.KeyRevolver\11.KeyRevolver.csproj", "{17B6EF77-EF19-4646-B6C9-B580DFC2BE91}"
EndProject
Project("{FAE04EC0-301F-11D3-BF4B-00C04F79EFBC}") = "12.CupsAndBottles", "12.CupsAndBottles\12.CupsAndBottles.csproj", "{E0F736AE-BBCE-4A29-84CF-BD2421E57D62}"
EndProject
Global
	GlobalSection(SolutionConfigurationPlatforms) = preSolution
		Debug|Any CPU = Debug|Any CPU
		Release|Any CPU = Release|Any CPU
	EndGlobalSection
	GlobalSection(ProjectConfigurationPlatforms) = postSolution
		{4DDC3490-3EE6-4799-9518-CB7A0D74C991}.Debug|Any CPU.ActiveCfg = Debug|Any CPU
		{4DDC3490-3EE6-4799-9518-CB7A0D74C991}.Debug|Any CPU.Build.0 = Debug|Any CPU
		{4DDC3490-3EE6-4799-9518-CB7A0D74C991}.Release|Any CPU.ActiveCfg = Release|Any CPU
		{4DDC3490-3EE6-4799-9518-CB7A0D74C991}.Release|Any CPU.Build.0 = Release|Any CPU
		{074F849E-1A2A-43CA-A7A4-CAC6286BC570}.Debug|Any CPU.ActiveCfg = Debug|Any CPU
		{074F849E-1A2A-43CA-A7A4-CAC6286BC570}.Debug|Any CPU.Build.0 = Debug|Any CPU
		{074F849E-1A2A-43CA-A7A4-CAC6286BC570}.Release|Any CPU.ActiveCfg = Release|Any CPU
		{074F849E-1A2A-43CA-A7A4-CAC6286BC570}.Release|Any CPU.Build.0 = Release|Any CPU
		{84E6F9E6-30FA-45D7-99EE-AF1AD8631ECF}.Debug|Any CPU.ActiveCfg = Debug|Any CPU
		{84E6F9E6-30FA-45D7-99EE-AF1AD8631ECF}.Debug|Any CPU.Build.0 = Debug|Any CPU
		{84E6F9E6-30FA-45D7-99EE-AF1AD8631ECF}.Release|Any CPU.ActiveCfg = Release|Any CPU
		{84E6F9E6-30FA-45D7-99EE-AF1AD8631ECF}.Release|Any CPU.Build.0 = Release|Any CPU
		{51503108-2CF1-4B9C-944D-F4D3F918E5D1}.Debug|Any CPU.ActiveCfg = Debug|Any CPU
		{51503108-2CF1-4B9C-944D-F4D3F918E5D1}.Debug|Any CPU.Build.0 = Debug|Any CPU
		{51503108-2CF1-4B9C-944D-F4D3F918E5D1}.Release|Any CPU.ActiveCfg = Release|Any CPU
		{51503108-2CF1-4B9C-944D-F4D3F918E5D1}.Release|Any CPU.Build.0 = Release|Any CPU
		{14E7B503-FC0C-4F39-BA6D-C88DE6522DB3}.Debug|Any CPU.ActiveCfg = Debug|Any CPU
		{14E7B503-FC0C-4F39-BA6D-C88DE6522DB3}.Debug|Any CPU.Build.0 = Debug|Any CPU
		{14E7B503-FC0C-4F39-BA6D-C88DE6522DB3}.Release|Any CPU.ActiveCfg = Release|Any CPU
		{14E7B503-FC0C-4F39-BA6D-C88DE6522DB3}.Release|Any CPU.Build.0 = Release|Any CPU
		{534964FC-F70E-4F8F-AE93-362C550EF017}.Debug|Any CPU.ActiveCfg = Debug|Any CPU
		{534964FC-F70E-4F8F-AE93-362C550EF017}.Debug|Any CPU.Build.0 = Debug|Any CPU
		{534964FC-F70E-4F8F-AE93-362C550EF017}.Release|Any CPU.ActiveCfg = Release|Any CPU
		{534964FC-F70E-4F8F-AE93-362C550EF017}.Release|Any CPU.Build.0 = Release|Any CPU
		{569ABCCE-C197-4696-83BC-00BAA70B9E91}.Debug|Any CPU.ActiveCfg = Debug|Any CPU
		{569ABCCE-C197-4696-83BC-00BAA70B9E91}.Debug|Any CPU.Build.0 = Debug|Any CPU
		{569ABCCE-C197-4696-83BC-00BAA70B9E91}.Release|Any CPU.ActiveCfg = Release|Any CPU
		{569ABCCE-C197-4696-83BC-00BAA70B9E91}.Release|Any CPU.Build.0 = Release|Any CPU
		{AEC214F3-4723-4B3D-99FB-056BE0D7B74B}.Debug|Any CPU.ActiveCfg = Debug|Any CPU
		{AEC214F3-4723-4B3D-99FB-056BE0D7B74B}.Debug|Any CPU.Build.0 = Debug|Any CPU
		{AEC214F3-4723-4B3D-99FB-056BE0D7B74B}.Release|Any CPU.ActiveCfg = Release|Any CPU
		{AEC214F3-4723-4B3D-99FB-056BE0D7B74B}.Release|Any CPU.Build.0 = Release|Any CPU
		{E9A6635A-7326-487E-A075-04B2AAEE8356}.Debug|Any CPU.ActiveCfg = Debug|Any CPU
		{E9A6635A-7326-487E-A075-04B2AAEE8356}.Debug|Any CPU.Build.0 = Debug|Any CPU
		{E9A6635A-7326-487E-A075-04B2AAEE8356}.Release|Any CPU.ActiveCfg = Release|Any CPU
		{E9A6635A-7326-487E-A075-04B2AAEE8356}.Release|Any CPU.Build.0 = Release|Any CPU
		{F1869405-5302-4069-B6CD-0A868431306D}.Debug|Any CPU.ActiveCfg = Debug|Any CPU
		{F1869405-5302-4069-B6CD-0A868431306D}.Debug|Any CPU.Build.0 = Debug|Any CPU
		{F1869405-5302-4069-B6CD-0A868431306D}.Release|Any CPU.ActiveCfg = Release|Any CPU
		{F1869405-5302-4069-B6CD-0A868431306D}.Release|Any CPU.Build.0 = Release|Any CPU
		{17B6EF77-EF19-4646-B6C9-B580DFC2BE91}.Debug|Any CPU.ActiveCfg = Debug|Any CPU
		{17B6EF77-EF19-4646-B6C9-B580DFC2BE91}.Debug|Any CPU.Build.0 = Debug|Any CPU
		{17B6EF77-EF19-4646-B6C9-B580DFC2BE91}.Release|Any CPU.ActiveCfg = Release|Any CPU
		{17B6EF77-EF19-4646-B6C9-B580DFC2BE91}.Release|Any CPU.Build.0 = Release|Any CPU
		{E0F736AE-BBCE-4A29-84CF-BD2421E57D62}.Debug|Any CPU.ActiveCfg = Debug|Any CPU
		{E0F736AE-BBCE-4A29-84CF-BD2421E57D62}.Debug|Any CPU.Build.0 = Debug|Any CPU
		{E0F736AE-BBCE-4A29-84CF-BD2421E57D62}.Release|Any CPU.ActiveCfg = Release|Any CPU
		{E0F736AE-BBCE-4A29-84CF-BD2421E57D62}.Release|Any CPU.Build.0 = Release|Any CPU
	EndGlobalSection
	GlobalSection(SolutionProperties) = preSolution
		HideSolutionNode = FALSE
	EndGlobalSection
	GlobalSection(ExtensibilityGlobals) = postSolution
		SolutionGuid = {104A271A-6B15-4979-BB3F-513DF7A8C8CC}
	EndGlobalSection
EndGlobal
