
Microsoft Visual Studio Solution File, Format Version 12.00
# Visual Studio Version 17
VisualStudioVersion = 17.9.34701.34
MinimumVisualStudioVersion = 10.0.40219.1
Project("{FAE04EC0-301F-11D3-BF4B-00C04F79EFBC}") = "1.RetancgleWith10x10Stars", "1.RetancgleWith10x10Stars\1.RetancgleWith10x10Stars.csproj", "{EF13E590-35B2-4379-9D7F-ED3CC03EC036}"
EndProject
Project("{FAE04EC0-301F-11D3-BF4B-00C04F79EFBC}") = "2.RetangleWithNxNStars", "2.RetangleWithNxNStars\2.RetangleWithNxNStars.csproj", "{C8BB0CC8-766E-4314-A144-EA747FCCE6EA}"
EndProject
Project("{FAE04EC0-301F-11D3-BF4B-00C04F79EFBC}") = "3.SquareOfStars", "3.SquareOfStars\3.SquareOfStars.csproj", "{24A86C69-A5A1-437A-8805-76F48FAD0F1B}"
EndProject
Project("{FAE04EC0-301F-11D3-BF4B-00C04F79EFBC}") = "4.TriangleOfDollars", "4.TriangleOfDollars\4.TriangleOfDollars.csproj", "{65FAD56A-C6BF-4EDA-8CB4-823165B4FF2F}"
EndProject
Global
	GlobalSection(SolutionConfigurationPlatforms) = preSolution
		Debug|Any CPU = Debug|Any CPU
		Release|Any CPU = Release|Any CPU
	EndGlobalSection
	GlobalSection(ProjectConfigurationPlatforms) = postSolution
		{EF13E590-35B2-4379-9D7F-ED3CC03EC036}.Debug|Any CPU.ActiveCfg = Debug|Any CPU
		{EF13E590-35B2-4379-9D7F-ED3CC03EC036}.Debug|Any CPU.Build.0 = Debug|Any CPU
		{EF13E590-35B2-4379-9D7F-ED3CC03EC036}.Release|Any CPU.ActiveCfg = Release|Any CPU
		{EF13E590-35B2-4379-9D7F-ED3CC03EC036}.Release|Any CPU.Build.0 = Release|Any CPU
		{C8BB0CC8-766E-4314-A144-EA747FCCE6EA}.Debug|Any CPU.ActiveCfg = Debug|Any CPU
		{C8BB0CC8-766E-4314-A144-EA747FCCE6EA}.Debug|Any CPU.Build.0 = Debug|Any CPU
		{C8BB0CC8-766E-4314-A144-EA747FCCE6EA}.Release|Any CPU.ActiveCfg = Release|Any CPU
		{C8BB0CC8-766E-4314-A144-EA747FCCE6EA}.Release|Any CPU.Build.0 = Release|Any CPU
		{24A86C69-A5A1-437A-8805-76F48FAD0F1B}.Debug|Any CPU.ActiveCfg = Debug|Any CPU
		{24A86C69-A5A1-437A-8805-76F48FAD0F1B}.Debug|Any CPU.Build.0 = Debug|Any CPU
		{24A86C69-A5A1-437A-8805-76F48FAD0F1B}.Release|Any CPU.ActiveCfg = Release|Any CPU
		{24A86C69-A5A1-437A-8805-76F48FAD0F1B}.Release|Any CPU.Build.0 = Release|Any CPU
		{65FAD56A-C6BF-4EDA-8CB4-823165B4FF2F}.Debug|Any CPU.ActiveCfg = Debug|Any CPU
		{65FAD56A-C6BF-4EDA-8CB4-823165B4FF2F}.Debug|Any CPU.Build.0 = Debug|Any CPU
		{65FAD56A-C6BF-4EDA-8CB4-823165B4FF2F}.Release|Any CPU.ActiveCfg = Release|Any CPU
		{65FAD56A-C6BF-4EDA-8CB4-823165B4FF2F}.Release|Any CPU.Build.0 = Release|Any CPU
	EndGlobalSection
	GlobalSection(SolutionProperties) = preSolution
		HideSolutionNode = FALSE
	EndGlobalSection
	GlobalSection(ExtensibilityGlobals) = postSolution
		SolutionGuid = {04F09C76-3EBA-4FC4-9AD8-57ECE0AF52B0}
	EndGlobalSection
EndGlobal
