
Microsoft Visual Studio Solution File, Format Version 12.00
# Visual Studio Version 17
VisualStudioVersion = 17.10.35122.118
MinimumVisualStudioVersion = 10.0.40219.1
Project("{9A19103F-16F7-4668-BE54-9A1E7A4F7556}") = "01.WinningTicket", "01.WinningTicket\01.WinningTicket.csproj", "{87A1F899-5926-40DA-B263-BD3244A45B57}"
EndProject
Project("{9A19103F-16F7-4668-BE54-9A1E7A4F7556}") = "02.RageQuit", "02.RageQuit\02.RageQuit.csproj", "{79B49772-F297-43D2-B27F-2392AE970F70}"
EndProject
Project("{9A19103F-16F7-4668-BE54-9A1E7A4F7556}") = "03.PostOffice", "03.PostOffice\03.PostOffice.csproj", "{16C9A538-E1C1-453D-98F4-897013BC7C46}"
EndProject
Project("{FAE04EC0-301F-11D3-BF4B-00C04F79EFBC}") = "04.SantasSecretHelper", "04.SantasSecretHelper\04.SantasSecretHelper.csproj", "{9965F531-AFE9-45F3-84ED-CED2D01A43EF}"
EndProject
Global
	GlobalSection(SolutionConfigurationPlatforms) = preSolution
		Debug|Any CPU = Debug|Any CPU
		Release|Any CPU = Release|Any CPU
	EndGlobalSection
	GlobalSection(ProjectConfigurationPlatforms) = postSolution
		{87A1F899-5926-40DA-B263-BD3244A45B57}.Debug|Any CPU.ActiveCfg = Debug|Any CPU
		{87A1F899-5926-40DA-B263-BD3244A45B57}.Debug|Any CPU.Build.0 = Debug|Any CPU
		{87A1F899-5926-40DA-B263-BD3244A45B57}.Release|Any CPU.ActiveCfg = Release|Any CPU
		{87A1F899-5926-40DA-B263-BD3244A45B57}.Release|Any CPU.Build.0 = Release|Any CPU
		{79B49772-F297-43D2-B27F-2392AE970F70}.Debug|Any CPU.ActiveCfg = Debug|Any CPU
		{79B49772-F297-43D2-B27F-2392AE970F70}.Debug|Any CPU.Build.0 = Debug|Any CPU
		{79B49772-F297-43D2-B27F-2392AE970F70}.Release|Any CPU.ActiveCfg = Release|Any CPU
		{79B49772-F297-43D2-B27F-2392AE970F70}.Release|Any CPU.Build.0 = Release|Any CPU
		{16C9A538-E1C1-453D-98F4-897013BC7C46}.Debug|Any CPU.ActiveCfg = Debug|Any CPU
		{16C9A538-E1C1-453D-98F4-897013BC7C46}.Debug|Any CPU.Build.0 = Debug|Any CPU
		{16C9A538-E1C1-453D-98F4-897013BC7C46}.Release|Any CPU.ActiveCfg = Release|Any CPU
		{16C9A538-E1C1-453D-98F4-897013BC7C46}.Release|Any CPU.Build.0 = Release|Any CPU
		{9965F531-AFE9-45F3-84ED-CED2D01A43EF}.Debug|Any CPU.ActiveCfg = Debug|Any CPU
		{9965F531-AFE9-45F3-84ED-CED2D01A43EF}.Debug|Any CPU.Build.0 = Debug|Any CPU
		{9965F531-AFE9-45F3-84ED-CED2D01A43EF}.Release|Any CPU.ActiveCfg = Release|Any CPU
		{9965F531-AFE9-45F3-84ED-CED2D01A43EF}.Release|Any CPU.Build.0 = Release|Any CPU
	EndGlobalSection
	GlobalSection(SolutionProperties) = preSolution
		HideSolutionNode = FALSE
	EndGlobalSection
	GlobalSection(ExtensibilityGlobals) = postSolution
		SolutionGuid = {E50FB176-5BEF-400A-848D-327FBCEE5115}
	EndGlobalSection
EndGlobal
