
Microsoft Visual Studio Solution File, Format Version 12.00
# Visual Studio Version 16
VisualStudioVersion = 16.0.34931.43
MinimumVisualStudioVersion = 10.0.40219.1
Project("{FAE04EC0-301F-11D3-BF4B-00C04F79EFBC}") = "01.Problem1–BlackFlag", "01.Problem1–BlackFlag\01.Problem1–BlackFlag.csproj", "{67AD4DBE-D16E-461D-AC57-774D535EB41E}"
EndProject
Project("{FAE04EC0-301F-11D3-BF4B-00C04F79EFBC}") = "02.Problem2–ShootForTheWin", "02.Problem2–ShootForTheWin\02.Problem2–ShootForTheWin.csproj", "{7509E7DC-9D94-49B9-8C4B-79F0F8F2260E}"
EndProject
Project("{FAE04EC0-301F-11D3-BF4B-00C04F79EFBC}") = "03.Problem3–Numbers", "03.Problem3–Numbers\03.Problem3–Numbers.csproj", "{B9CAEEFD-3512-475E-AEA7-8654BB9AF575}"
EndProject
Global
	GlobalSection(SolutionConfigurationPlatforms) = preSolution
		Debug|Any CPU = Debug|Any CPU
		Release|Any CPU = Release|Any CPU
	EndGlobalSection
	GlobalSection(ProjectConfigurationPlatforms) = postSolution
		{67AD4DBE-D16E-461D-AC57-774D535EB41E}.Debug|Any CPU.ActiveCfg = Debug|Any CPU
		{67AD4DBE-D16E-461D-AC57-774D535EB41E}.Debug|Any CPU.Build.0 = Debug|Any CPU
		{67AD4DBE-D16E-461D-AC57-774D535EB41E}.Release|Any CPU.ActiveCfg = Release|Any CPU
		{67AD4DBE-D16E-461D-AC57-774D535EB41E}.Release|Any CPU.Build.0 = Release|Any CPU
		{7509E7DC-9D94-49B9-8C4B-79F0F8F2260E}.Debug|Any CPU.ActiveCfg = Debug|Any CPU
		{7509E7DC-9D94-49B9-8C4B-79F0F8F2260E}.Debug|Any CPU.Build.0 = Debug|Any CPU
		{7509E7DC-9D94-49B9-8C4B-79F0F8F2260E}.Release|Any CPU.ActiveCfg = Release|Any CPU
		{7509E7DC-9D94-49B9-8C4B-79F0F8F2260E}.Release|Any CPU.Build.0 = Release|Any CPU
		{B9CAEEFD-3512-475E-AEA7-8654BB9AF575}.Debug|Any CPU.ActiveCfg = Debug|Any CPU
		{B9CAEEFD-3512-475E-AEA7-8654BB9AF575}.Debug|Any CPU.Build.0 = Debug|Any CPU
		{B9CAEEFD-3512-475E-AEA7-8654BB9AF575}.Release|Any CPU.ActiveCfg = Release|Any CPU
		{B9CAEEFD-3512-475E-AEA7-8654BB9AF575}.Release|Any CPU.Build.0 = Release|Any CPU
	EndGlobalSection
	GlobalSection(SolutionProperties) = preSolution
		HideSolutionNode = FALSE
	EndGlobalSection
	GlobalSection(ExtensibilityGlobals) = postSolution
		SolutionGuid = {86A523D8-712C-4FF0-BDD8-F4087FC2F26B}
	EndGlobalSection
EndGlobal
