
Microsoft Visual Studio Solution File, Format Version 12.00
# Visual Studio Version 17
VisualStudioVersion = 17.9.34701.34
MinimumVisualStudioVersion = 10.0.40219.1
Project("{9A19103F-16F7-4668-BE54-9A1E7A4F7556}") = "01.Train", "01.Train\01.Train.csproj", "{62D80CD8-3A26-49D0-A417-E7D1DF42548E}"
EndProject
Project("{9A19103F-16F7-4668-BE54-9A1E7A4F7556}") = "02.ChangeList", "02.ChangeList\02.ChangeList.csproj", "{34CDCA59-F355-413F-86AC-BD1BA2DF1875}"
EndProject
Project("{9A19103F-16F7-4668-BE54-9A1E7A4F7556}") = "03.HouseParty-2", "03.HouseParty-2\03.HouseParty-2.csproj", "{663B914B-EBA2-4D9C-8218-5CE8973ECAC8}"
EndProject
Project("{9A19103F-16F7-4668-BE54-9A1E7A4F7556}") = "04.ListOperations", "04.ListOperations\04.ListOperations.csproj", "{D9843E90-85DB-4946-ACDF-45E6128385C4}"
EndProject
Project("{9A19103F-16F7-4668-BE54-9A1E7A4F7556}") = "05.BombNumbers", "05.BombNumbers\05.BombNumbers.csproj", "{46F40D5E-EB75-43C8-B3A4-11E47FC2D284}"
EndProject
Project("{FAE04EC0-301F-11D3-BF4B-00C04F79EFBC}") = "06.CardsGame", "06.CardsGame\06.CardsGame.csproj", "{181B4369-3BA1-4695-8DC7-4372EB8F9C88}"
EndProject
Project("{FAE04EC0-301F-11D3-BF4B-00C04F79EFBC}") = "07.AppendArrays", "07.AppendArrays\07.AppendArrays.csproj", "{A9EEBF78-B545-48E3-B01A-9C936A30E3BD}"
EndProject
Global
	GlobalSection(SolutionConfigurationPlatforms) = preSolution
		Debug|Any CPU = Debug|Any CPU
		Release|Any CPU = Release|Any CPU
	EndGlobalSection
	GlobalSection(ProjectConfigurationPlatforms) = postSolution
		{62D80CD8-3A26-49D0-A417-E7D1DF42548E}.Debug|Any CPU.ActiveCfg = Debug|Any CPU
		{62D80CD8-3A26-49D0-A417-E7D1DF42548E}.Debug|Any CPU.Build.0 = Debug|Any CPU
		{62D80CD8-3A26-49D0-A417-E7D1DF42548E}.Release|Any CPU.ActiveCfg = Release|Any CPU
		{62D80CD8-3A26-49D0-A417-E7D1DF42548E}.Release|Any CPU.Build.0 = Release|Any CPU
		{34CDCA59-F355-413F-86AC-BD1BA2DF1875}.Debug|Any CPU.ActiveCfg = Debug|Any CPU
		{34CDCA59-F355-413F-86AC-BD1BA2DF1875}.Debug|Any CPU.Build.0 = Debug|Any CPU
		{34CDCA59-F355-413F-86AC-BD1BA2DF1875}.Release|Any CPU.ActiveCfg = Release|Any CPU
		{34CDCA59-F355-413F-86AC-BD1BA2DF1875}.Release|Any CPU.Build.0 = Release|Any CPU
		{663B914B-EBA2-4D9C-8218-5CE8973ECAC8}.Debug|Any CPU.ActiveCfg = Debug|Any CPU
		{663B914B-EBA2-4D9C-8218-5CE8973ECAC8}.Debug|Any CPU.Build.0 = Debug|Any CPU
		{663B914B-EBA2-4D9C-8218-5CE8973ECAC8}.Release|Any CPU.ActiveCfg = Release|Any CPU
		{663B914B-EBA2-4D9C-8218-5CE8973ECAC8}.Release|Any CPU.Build.0 = Release|Any CPU
		{D9843E90-85DB-4946-ACDF-45E6128385C4}.Debug|Any CPU.ActiveCfg = Debug|Any CPU
		{D9843E90-85DB-4946-ACDF-45E6128385C4}.Debug|Any CPU.Build.0 = Debug|Any CPU
		{D9843E90-85DB-4946-ACDF-45E6128385C4}.Release|Any CPU.ActiveCfg = Release|Any CPU
		{D9843E90-85DB-4946-ACDF-45E6128385C4}.Release|Any CPU.Build.0 = Release|Any CPU
		{46F40D5E-EB75-43C8-B3A4-11E47FC2D284}.Debug|Any CPU.ActiveCfg = Debug|Any CPU
		{46F40D5E-EB75-43C8-B3A4-11E47FC2D284}.Debug|Any CPU.Build.0 = Debug|Any CPU
		{46F40D5E-EB75-43C8-B3A4-11E47FC2D284}.Release|Any CPU.ActiveCfg = Release|Any CPU
		{46F40D5E-EB75-43C8-B3A4-11E47FC2D284}.Release|Any CPU.Build.0 = Release|Any CPU
		{181B4369-3BA1-4695-8DC7-4372EB8F9C88}.Debug|Any CPU.ActiveCfg = Debug|Any CPU
		{181B4369-3BA1-4695-8DC7-4372EB8F9C88}.Debug|Any CPU.Build.0 = Debug|Any CPU
		{181B4369-3BA1-4695-8DC7-4372EB8F9C88}.Release|Any CPU.ActiveCfg = Release|Any CPU
		{181B4369-3BA1-4695-8DC7-4372EB8F9C88}.Release|Any CPU.Build.0 = Release|Any CPU
		{A9EEBF78-B545-48E3-B01A-9C936A30E3BD}.Debug|Any CPU.ActiveCfg = Debug|Any CPU
		{A9EEBF78-B545-48E3-B01A-9C936A30E3BD}.Debug|Any CPU.Build.0 = Debug|Any CPU
		{A9EEBF78-B545-48E3-B01A-9C936A30E3BD}.Release|Any CPU.ActiveCfg = Release|Any CPU
		{A9EEBF78-B545-48E3-B01A-9C936A30E3BD}.Release|Any CPU.Build.0 = Release|Any CPU
	EndGlobalSection
	GlobalSection(SolutionProperties) = preSolution
		HideSolutionNode = FALSE
	EndGlobalSection
	GlobalSection(ExtensibilityGlobals) = postSolution
		SolutionGuid = {16DC82ED-A40F-4617-A4A2-204C766E36E0}
	EndGlobalSection
EndGlobal
