
Microsoft Visual Studio Solution File, Format Version 12.00
# Visual Studio Version 17
VisualStudioVersion = 17.13.35913.81 d17.13
MinimumVisualStudioVersion = 10.0.40219.1
Project("{FAE04EC0-301F-11D3-BF4B-00C04F79EFBC}") = "CinemaApp", "CinemaApp\CinemaApp.csproj", "{A79B7BA6-6A45-4B7E-B594-BB228CB9CB1C}"
EndProject
Project("{FAE04EC0-301F-11D3-BF4B-00C04F79EFBC}") = "CinemaApp.Data", "CinemaApp.Data\CinemaApp.Data.csproj", "{4A7B8E21-2D0E-458E-AEE4-833697191580}"
EndProject
Project("{FAE04EC0-301F-11D3-BF4B-00C04F79EFBC}") = "CinemaApp.Services", "CinemaApp.Services\CinemaApp.Services.csproj", "{FE25E4AA-88BF-465D-9192-4DB8CA43B721}"
EndProject
Global
	GlobalSection(SolutionConfigurationPlatforms) = preSolution
		Debug|Any CPU = Debug|Any CPU
		Release|Any CPU = Release|Any CPU
	EndGlobalSection
	GlobalSection(ProjectConfigurationPlatforms) = postSolution
		{A79B7BA6-6A45-4B7E-B594-BB228CB9CB1C}.Debug|Any CPU.ActiveCfg = Debug|Any CPU
		{A79B7BA6-6A45-4B7E-B594-BB228CB9CB1C}.Debug|Any CPU.Build.0 = Debug|Any CPU
		{A79B7BA6-6A45-4B7E-B594-BB228CB9CB1C}.Release|Any CPU.ActiveCfg = Release|Any CPU
		{A79B7BA6-6A45-4B7E-B594-BB228CB9CB1C}.Release|Any CPU.Build.0 = Release|Any CPU
		{4A7B8E21-2D0E-458E-AEE4-833697191580}.Debug|Any CPU.ActiveCfg = Debug|Any CPU
		{4A7B8E21-2D0E-458E-AEE4-833697191580}.Debug|Any CPU.Build.0 = Debug|Any CPU
		{4A7B8E21-2D0E-458E-AEE4-833697191580}.Release|Any CPU.ActiveCfg = Release|Any CPU
		{4A7B8E21-2D0E-458E-AEE4-833697191580}.Release|Any CPU.Build.0 = Release|Any CPU
		{FE25E4AA-88BF-465D-9192-4DB8CA43B721}.Debug|Any CPU.ActiveCfg = Debug|Any CPU
		{FE25E4AA-88BF-465D-9192-4DB8CA43B721}.Debug|Any CPU.Build.0 = Debug|Any CPU
		{FE25E4AA-88BF-465D-9192-4DB8CA43B721}.Release|Any CPU.ActiveCfg = Release|Any CPU
		{FE25E4AA-88BF-465D-9192-4DB8CA43B721}.Release|Any CPU.Build.0 = Release|Any CPU
	EndGlobalSection
	GlobalSection(SolutionProperties) = preSolution
		HideSolutionNode = FALSE
	EndGlobalSection
	GlobalSection(ExtensibilityGlobals) = postSolution
		SolutionGuid = {632C7DAC-F214-4EB7-90CA-A7D4A56E8963}
	EndGlobalSection
EndGlobal
