
Microsoft Visual Studio Solution File, Format Version 12.00
# Visual Studio Version 17
VisualStudioVersion = 17.11.35327.3
MinimumVisualStudioVersion = 10.0.40219.1
Project("{9A19103F-16F7-4668-BE54-9A1E7A4F7556}") = "01.SquareRoot", "01.SquareRoot\01.SquareRoot.csproj", "{A91127A1-11B6-43D8-852D-E03CA43E8AC7}"
EndProject
Project("{9A19103F-16F7-4668-BE54-9A1E7A4F7556}") = "02.EnterNumbers", "02.EnterNumbers\02.EnterNumbers.csproj", "{2D9918E7-BA62-452D-B349-9D7FDFD54019}"
EndProject
Project("{FAE04EC0-301F-11D3-BF4B-00C04F79EFBC}") = "03.Cards", "03.Cards\03.Cards.csproj", "{E13688C8-0695-4D53-B00D-F0F258940172}"
EndProject
Global
	GlobalSection(SolutionConfigurationPlatforms) = preSolution
		Debug|Any CPU = Debug|Any CPU
		Release|Any CPU = Release|Any CPU
	EndGlobalSection
	GlobalSection(ProjectConfigurationPlatforms) = postSolution
		{A91127A1-11B6-43D8-852D-E03CA43E8AC7}.Debug|Any CPU.ActiveCfg = Debug|Any CPU
		{A91127A1-11B6-43D8-852D-E03CA43E8AC7}.Debug|Any CPU.Build.0 = Debug|Any CPU
		{A91127A1-11B6-43D8-852D-E03CA43E8AC7}.Release|Any CPU.ActiveCfg = Release|Any CPU
		{A91127A1-11B6-43D8-852D-E03CA43E8AC7}.Release|Any CPU.Build.0 = Release|Any CPU
		{2D9918E7-BA62-452D-B349-9D7FDFD54019}.Debug|Any CPU.ActiveCfg = Debug|Any CPU
		{2D9918E7-BA62-452D-B349-9D7FDFD54019}.Debug|Any CPU.Build.0 = Debug|Any CPU
		{2D9918E7-BA62-452D-B349-9D7FDFD54019}.Release|Any CPU.ActiveCfg = Release|Any CPU
		{2D9918E7-BA62-452D-B349-9D7FDFD54019}.Release|Any CPU.Build.0 = Release|Any CPU
		{E13688C8-0695-4D53-B00D-F0F258940172}.Debug|Any CPU.ActiveCfg = Debug|Any CPU
		{E13688C8-0695-4D53-B00D-F0F258940172}.Debug|Any CPU.Build.0 = Debug|Any CPU
		{E13688C8-0695-4D53-B00D-F0F258940172}.Release|Any CPU.ActiveCfg = Release|Any CPU
		{E13688C8-0695-4D53-B00D-F0F258940172}.Release|Any CPU.Build.0 = Release|Any CPU
	EndGlobalSection
	GlobalSection(SolutionProperties) = preSolution
		HideSolutionNode = FALSE
	EndGlobalSection
	GlobalSection(ExtensibilityGlobals) = postSolution
		SolutionGuid = {92BFAA30-A46C-4865-8BD1-BACF8D22D4CD}
	EndGlobalSection
EndGlobal
