
Microsoft Visual Studio Solution File, Format Version 12.00
# Visual Studio Version 17
VisualStudioVersion = 17.10.35122.118
MinimumVisualStudioVersion = 10.0.40219.1
Project("{9A19103F-16F7-4668-BE54-9A1E7A4F7556}") = "01.StringManipulator", "01.StringManipulator\01.StringManipulator.csproj", "{E64866FF-50D6-4C7A-8277-9C7CC5E9B71D}"
EndProject
Project("{9A19103F-16F7-4668-BE54-9A1E7A4F7556}") = "02.MessageTranslator", "02.MessageTranslator\02.MessageTranslator.csproj", "{5451F11D-CAFF-46D0-8518-74E11385C00A}"
EndProject
Project("{FAE04EC0-301F-11D3-BF4B-00C04F79EFBC}") = "03.Dictionary2.0", "03.Dictionary2.0\03.Dictionary2.0.csproj", "{A30E6A95-4516-4230-9543-DE0008208FFF}"
EndProject
Global
	GlobalSection(SolutionConfigurationPlatforms) = preSolution
		Debug|Any CPU = Debug|Any CPU
		Release|Any CPU = Release|Any CPU
	EndGlobalSection
	GlobalSection(ProjectConfigurationPlatforms) = postSolution
		{E64866FF-50D6-4C7A-8277-9C7CC5E9B71D}.Debug|Any CPU.ActiveCfg = Debug|Any CPU
		{E64866FF-50D6-4C7A-8277-9C7CC5E9B71D}.Debug|Any CPU.Build.0 = Debug|Any CPU
		{E64866FF-50D6-4C7A-8277-9C7CC5E9B71D}.Release|Any CPU.ActiveCfg = Release|Any CPU
		{E64866FF-50D6-4C7A-8277-9C7CC5E9B71D}.Release|Any CPU.Build.0 = Release|Any CPU
		{5451F11D-CAFF-46D0-8518-74E11385C00A}.Debug|Any CPU.ActiveCfg = Debug|Any CPU
		{5451F11D-CAFF-46D0-8518-74E11385C00A}.Debug|Any CPU.Build.0 = Debug|Any CPU
		{5451F11D-CAFF-46D0-8518-74E11385C00A}.Release|Any CPU.ActiveCfg = Release|Any CPU
		{5451F11D-CAFF-46D0-8518-74E11385C00A}.Release|Any CPU.Build.0 = Release|Any CPU
		{A30E6A95-4516-4230-9543-DE0008208FFF}.Debug|Any CPU.ActiveCfg = Debug|Any CPU
		{A30E6A95-4516-4230-9543-DE0008208FFF}.Debug|Any CPU.Build.0 = Debug|Any CPU
		{A30E6A95-4516-4230-9543-DE0008208FFF}.Release|Any CPU.ActiveCfg = Release|Any CPU
		{A30E6A95-4516-4230-9543-DE0008208FFF}.Release|Any CPU.Build.0 = Release|Any CPU
	EndGlobalSection
	GlobalSection(SolutionProperties) = preSolution
		HideSolutionNode = FALSE
	EndGlobalSection
	GlobalSection(ExtensibilityGlobals) = postSolution
		SolutionGuid = {D7317525-349E-4915-9B1E-591CBD160A94}
	EndGlobalSection
EndGlobal
