
Microsoft Visual Studio Solution File, Format Version 12.00
# Visual Studio Version 16
VisualStudioVersion = 16.0.34931.43
MinimumVisualStudioVersion = 10.0.40219.1
Project("{FAE04EC0-301F-11D3-BF4B-00C04F79EFBC}") = "01.ValidUsernames", "01.ValidUsernames\01.ValidUsernames.csproj", "{737907BF-99BC-468D-9628-0B8CF6597A3C}"
EndProject
Project("{FAE04EC0-301F-11D3-BF4B-00C04F79EFBC}") = "02.CharacterMultiplier", "02.CharacterMultiplier\02.CharacterMultiplier.csproj", "{E1ED6B35-CD22-4788-8F8E-60A3F551B011}"
EndProject
Project("{FAE04EC0-301F-11D3-BF4B-00C04F79EFBC}") = "03.ExtractFile", "03.ExtractFile\03.ExtractFile.csproj", "{EE45A451-3C24-4D9D-9ABF-662BC9599146}"
EndProject
Project("{FAE04EC0-301F-11D3-BF4B-00C04F79EFBC}") = "04.CaesarCipher", "04.CaesarCipher\04.CaesarCipher.csproj", "{8CFC6C41-8ACB-4D93-8FE9-93866A913765}"
EndProject
Project("{FAE04EC0-301F-11D3-BF4B-00C04F79EFBC}") = "05.MultiplyBigNumber", "05.MultiplyBigNumber\05.MultiplyBigNumber.csproj", "{25657D53-3ECA-42C5-81E4-0CF263534164}"
EndProject
Global
	GlobalSection(SolutionConfigurationPlatforms) = preSolution
		Debug|Any CPU = Debug|Any CPU
		Release|Any CPU = Release|Any CPU
	EndGlobalSection
	GlobalSection(ProjectConfigurationPlatforms) = postSolution
		{737907BF-99BC-468D-9628-0B8CF6597A3C}.Debug|Any CPU.ActiveCfg = Debug|Any CPU
		{737907BF-99BC-468D-9628-0B8CF6597A3C}.Debug|Any CPU.Build.0 = Debug|Any CPU
		{737907BF-99BC-468D-9628-0B8CF6597A3C}.Release|Any CPU.ActiveCfg = Release|Any CPU
		{737907BF-99BC-468D-9628-0B8CF6597A3C}.Release|Any CPU.Build.0 = Release|Any CPU
		{E1ED6B35-CD22-4788-8F8E-60A3F551B011}.Debug|Any CPU.ActiveCfg = Debug|Any CPU
		{E1ED6B35-CD22-4788-8F8E-60A3F551B011}.Debug|Any CPU.Build.0 = Debug|Any CPU
		{E1ED6B35-CD22-4788-8F8E-60A3F551B011}.Release|Any CPU.ActiveCfg = Release|Any CPU
		{E1ED6B35-CD22-4788-8F8E-60A3F551B011}.Release|Any CPU.Build.0 = Release|Any CPU
		{EE45A451-3C24-4D9D-9ABF-662BC9599146}.Debug|Any CPU.ActiveCfg = Debug|Any CPU
		{EE45A451-3C24-4D9D-9ABF-662BC9599146}.Debug|Any CPU.Build.0 = Debug|Any CPU
		{EE45A451-3C24-4D9D-9ABF-662BC9599146}.Release|Any CPU.ActiveCfg = Release|Any CPU
		{EE45A451-3C24-4D9D-9ABF-662BC9599146}.Release|Any CPU.Build.0 = Release|Any CPU
		{8CFC6C41-8ACB-4D93-8FE9-93866A913765}.Debug|Any CPU.ActiveCfg = Debug|Any CPU
		{8CFC6C41-8ACB-4D93-8FE9-93866A913765}.Debug|Any CPU.Build.0 = Debug|Any CPU
		{8CFC6C41-8ACB-4D93-8FE9-93866A913765}.Release|Any CPU.ActiveCfg = Release|Any CPU
		{8CFC6C41-8ACB-4D93-8FE9-93866A913765}.Release|Any CPU.Build.0 = Release|Any CPU
		{25657D53-3ECA-42C5-81E4-0CF263534164}.Debug|Any CPU.ActiveCfg = Debug|Any CPU
		{25657D53-3ECA-42C5-81E4-0CF263534164}.Debug|Any CPU.Build.0 = Debug|Any CPU
		{25657D53-3ECA-42C5-81E4-0CF263534164}.Release|Any CPU.ActiveCfg = Release|Any CPU
		{25657D53-3ECA-42C5-81E4-0CF263534164}.Release|Any CPU.Build.0 = Release|Any CPU
	EndGlobalSection
	GlobalSection(SolutionProperties) = preSolution
		HideSolutionNode = FALSE
	EndGlobalSection
	GlobalSection(ExtensibilityGlobals) = postSolution
		SolutionGuid = {3F898057-FB5F-4D63-8A39-61C1EDB05302}
	EndGlobalSection
EndGlobal
