
Microsoft Visual Studio Solution File, Format Version 12.00
# Visual Studio Version 17
VisualStudioVersion = 17.11.35327.3
MinimumVisualStudioVersion = 10.0.40219.1
Project("{9A19103F-16F7-4668-BE54-9A1E7A4F7556}") = "WildFarm", "WildFarm.csproj", "{228100D0-836E-4B9A-B90D-1B2C4A89400F}"
EndProject
Global
	GlobalSection(SolutionConfigurationPlatforms) = preSolution
		Debug|Any CPU = Debug|Any CPU
		Release|Any CPU = Release|Any CPU
	EndGlobalSection
	GlobalSection(ProjectConfigurationPlatforms) = postSolution
		{228100D0-836E-4B9A-B90D-1B2C4A89400F}.Debug|Any CPU.ActiveCfg = Debug|Any CPU
		{228100D0-836E-4B9A-B90D-1B2C4A89400F}.Debug|Any CPU.Build.0 = Debug|Any CPU
		{228100D0-836E-4B9A-B90D-1B2C4A89400F}.Release|Any CPU.ActiveCfg = Release|Any CPU
		{228100D0-836E-4B9A-B90D-1B2C4A89400F}.Release|Any CPU.Build.0 = Release|Any CPU
	EndGlobalSection
	GlobalSection(SolutionProperties) = preSolution
		HideSolutionNode = FALSE
	EndGlobalSection
	GlobalSection(ExtensibilityGlobals) = postSolution
		SolutionGuid = {43E86A42-49F9-4B0F-889D-35968B2646C9}
	EndGlobalSection
EndGlobal
