
Microsoft Visual Studio Solution File, Format Version 12.00
# Visual Studio Version 16
VisualStudioVersion = 16.0.34931.43
MinimumVisualStudioVersion = 10.0.40219.1
Project("{FAE04EC0-301F-11D3-BF4B-00C04F79EFBC}") = "01.Problem1–CounterStrike", "01.Problem1–CounterStrike\01.Problem1–CounterStrike.csproj", "{50D499F6-4918-44DB-AEC3-9381892E0A5C}"
EndProject
Project("{FAE04EC0-301F-11D3-BF4B-00C04F79EFBC}") = "02.Problem2–TreasureHunt", "02.Problem2–TreasureHunt\02.Problem2–TreasureHunt.csproj", "{82A168E6-F4C2-4CAE-9CD4-55F54B051B1F}"
EndProject
Project("{FAE04EC0-301F-11D3-BF4B-00C04F79EFBC}") = "03.Problem3–MemoryGame", "03.Problem3–MemoryGame\03.Problem3–MemoryGame.csproj", "{43193705-6A64-4188-A13B-DD442CCC4BCE}"
EndProject
Global
	GlobalSection(SolutionConfigurationPlatforms) = preSolution
		Debug|Any CPU = Debug|Any CPU
		Release|Any CPU = Release|Any CPU
	EndGlobalSection
	GlobalSection(ProjectConfigurationPlatforms) = postSolution
		{50D499F6-4918-44DB-AEC3-9381892E0A5C}.Debug|Any CPU.ActiveCfg = Debug|Any CPU
		{50D499F6-4918-44DB-AEC3-9381892E0A5C}.Debug|Any CPU.Build.0 = Debug|Any CPU
		{50D499F6-4918-44DB-AEC3-9381892E0A5C}.Release|Any CPU.ActiveCfg = Release|Any CPU
		{50D499F6-4918-44DB-AEC3-9381892E0A5C}.Release|Any CPU.Build.0 = Release|Any CPU
		{82A168E6-F4C2-4CAE-9CD4-55F54B051B1F}.Debug|Any CPU.ActiveCfg = Debug|Any CPU
		{82A168E6-F4C2-4CAE-9CD4-55F54B051B1F}.Debug|Any CPU.Build.0 = Debug|Any CPU
		{82A168E6-F4C2-4CAE-9CD4-55F54B051B1F}.Release|Any CPU.ActiveCfg = Release|Any CPU
		{82A168E6-F4C2-4CAE-9CD4-55F54B051B1F}.Release|Any CPU.Build.0 = Release|Any CPU
		{43193705-6A64-4188-A13B-DD442CCC4BCE}.Debug|Any CPU.ActiveCfg = Debug|Any CPU
		{43193705-6A64-4188-A13B-DD442CCC4BCE}.Debug|Any CPU.Build.0 = Debug|Any CPU
		{43193705-6A64-4188-A13B-DD442CCC4BCE}.Release|Any CPU.ActiveCfg = Release|Any CPU
		{43193705-6A64-4188-A13B-DD442CCC4BCE}.Release|Any CPU.Build.0 = Release|Any CPU
	EndGlobalSection
	GlobalSection(SolutionProperties) = preSolution
		HideSolutionNode = FALSE
	EndGlobalSection
	GlobalSection(ExtensibilityGlobals) = postSolution
		SolutionGuid = {590A91F0-14F9-4F5B-A3C4-122F356DFEAA}
	EndGlobalSection
EndGlobal
