
Microsoft Visual Studio Solution File, Format Version 12.00
# Visual Studio Version 16
VisualStudioVersion = 16.0.34931.43
MinimumVisualStudioVersion = 10.0.40219.1
Project("{FAE04EC0-301F-11D3-BF4B-00C04F79EFBC}") = "Project-RockPaperScissors", "Project-RockPaperScissors\Project-RockPaperScissors.csproj", "{C1A3AE74-04E1-4803-B324-2A9E94987F0E}"
EndProject
Global
	GlobalSection(SolutionConfigurationPlatforms) = preSolution
		Debug|Any CPU = Debug|Any CPU
		Release|Any CPU = Release|Any CPU
	EndGlobalSection
	GlobalSection(ProjectConfigurationPlatforms) = postSolution
		{C1A3AE74-04E1-4803-B324-2A9E94987F0E}.Debug|Any CPU.ActiveCfg = Debug|Any CPU
		{C1A3AE74-04E1-4803-B324-2A9E94987F0E}.Debug|Any CPU.Build.0 = Debug|Any CPU
		{C1A3AE74-04E1-4803-B324-2A9E94987F0E}.Release|Any CPU.ActiveCfg = Release|Any CPU
		{C1A3AE74-04E1-4803-B324-2A9E94987F0E}.Release|Any CPU.Build.0 = Release|Any CPU
	EndGlobalSection
	GlobalSection(SolutionProperties) = preSolution
		HideSolutionNode = FALSE
	EndGlobalSection
	GlobalSection(ExtensibilityGlobals) = postSolution
		SolutionGuid = {67CB1A45-3D85-4C1B-8CBE-0E0846D94904}
	EndGlobalSection
EndGlobal
