
Microsoft Visual Studio Solution File, Format Version 12.00
# Visual Studio Version 17
VisualStudioVersion = 17.11.35303.130
MinimumVisualStudioVersion = 10.0.40219.1
Project("{9A19103F-16F7-4668-BE54-9A1E7A4F7556}") = "01.SumMatrixElements", "01.SumMatrixElements\01.SumMatrixElements.csproj", "{57FE2BDD-F047-477C-8EA4-FEBB6CAD7956}"
EndProject
Project("{9A19103F-16F7-4668-BE54-9A1E7A4F7556}") = "02.SumMatrixColumns", "02.SumMatrixColumns\02.SumMatrixColumns.csproj", "{E3A7897C-F48D-464B-B87A-AAE50CD2214C}"
EndProject
Project("{9A19103F-16F7-4668-BE54-9A1E7A4F7556}") = "03.PrimaryDiagonal", "03.PrimaryDiagonal\03.PrimaryDiagonal.csproj", "{FD6EE471-1BC4-4297-9ACF-6998F944BA1E}"
EndProject
Project("{9A19103F-16F7-4668-BE54-9A1E7A4F7556}") = "04.SymbolInMatrix", "04.SymbolInMatrix\04.SymbolInMatrix.csproj", "{BDED6185-09F9-431E-9698-C4D76B33958D}"
EndProject
Project("{9A19103F-16F7-4668-BE54-9A1E7A4F7556}") = "05.SquareWithMaximumSum", "05.SquareWithMaximumSum\05.SquareWithMaximumSum.csproj", "{36496295-FAFF-4565-843F-F6E2C631680E}"
EndProject
Project("{FAE04EC0-301F-11D3-BF4B-00C04F79EFBC}") = "06.Jagged-ArrayModification", "06.Jagged-ArrayModification\06.Jagged-ArrayModification.csproj", "{845942A3-49D6-4177-9827-8E141DAB3A1E}"
EndProject
Global
	GlobalSection(SolutionConfigurationPlatforms) = preSolution
		Debug|Any CPU = Debug|Any CPU
		Release|Any CPU = Release|Any CPU
	EndGlobalSection
	GlobalSection(ProjectConfigurationPlatforms) = postSolution
		{57FE2BDD-F047-477C-8EA4-FEBB6CAD7956}.Debug|Any CPU.ActiveCfg = Debug|Any CPU
		{57FE2BDD-F047-477C-8EA4-FEBB6CAD7956}.Debug|Any CPU.Build.0 = Debug|Any CPU
		{57FE2BDD-F047-477C-8EA4-FEBB6CAD7956}.Release|Any CPU.ActiveCfg = Release|Any CPU
		{57FE2BDD-F047-477C-8EA4-FEBB6CAD7956}.Release|Any CPU.Build.0 = Release|Any CPU
		{E3A7897C-F48D-464B-B87A-AAE50CD2214C}.Debug|Any CPU.ActiveCfg = Debug|Any CPU
		{E3A7897C-F48D-464B-B87A-AAE50CD2214C}.Debug|Any CPU.Build.0 = Debug|Any CPU
		{E3A7897C-F48D-464B-B87A-AAE50CD2214C}.Release|Any CPU.ActiveCfg = Release|Any CPU
		{E3A7897C-F48D-464B-B87A-AAE50CD2214C}.Release|Any CPU.Build.0 = Release|Any CPU
		{FD6EE471-1BC4-4297-9ACF-6998F944BA1E}.Debug|Any CPU.ActiveCfg = Debug|Any CPU
		{FD6EE471-1BC4-4297-9ACF-6998F944BA1E}.Debug|Any CPU.Build.0 = Debug|Any CPU
		{FD6EE471-1BC4-4297-9ACF-6998F944BA1E}.Release|Any CPU.ActiveCfg = Release|Any CPU
		{FD6EE471-1BC4-4297-9ACF-6998F944BA1E}.Release|Any CPU.Build.0 = Release|Any CPU
		{BDED6185-09F9-431E-9698-C4D76B33958D}.Debug|Any CPU.ActiveCfg = Debug|Any CPU
		{BDED6185-09F9-431E-9698-C4D76B33958D}.Debug|Any CPU.Build.0 = Debug|Any CPU
		{BDED6185-09F9-431E-9698-C4D76B33958D}.Release|Any CPU.ActiveCfg = Release|Any CPU
		{BDED6185-09F9-431E-9698-C4D76B33958D}.Release|Any CPU.Build.0 = Release|Any CPU
		{36496295-FAFF-4565-843F-F6E2C631680E}.Debug|Any CPU.ActiveCfg = Debug|Any CPU
		{36496295-FAFF-4565-843F-F6E2C631680E}.Debug|Any CPU.Build.0 = Debug|Any CPU
		{36496295-FAFF-4565-843F-F6E2C631680E}.Release|Any CPU.ActiveCfg = Release|Any CPU
		{36496295-FAFF-4565-843F-F6E2C631680E}.Release|Any CPU.Build.0 = Release|Any CPU
		{845942A3-49D6-4177-9827-8E141DAB3A1E}.Debug|Any CPU.ActiveCfg = Debug|Any CPU
		{845942A3-49D6-4177-9827-8E141DAB3A1E}.Debug|Any CPU.Build.0 = Debug|Any CPU
		{845942A3-49D6-4177-9827-8E141DAB3A1E}.Release|Any CPU.ActiveCfg = Release|Any CPU
		{845942A3-49D6-4177-9827-8E141DAB3A1E}.Release|Any CPU.Build.0 = Release|Any CPU
	EndGlobalSection
	GlobalSection(SolutionProperties) = preSolution
		HideSolutionNode = FALSE
	EndGlobalSection
	GlobalSection(ExtensibilityGlobals) = postSolution
		SolutionGuid = {9A82634E-440C-455C-B2E2-77543601FD49}
	EndGlobalSection
EndGlobal
