
Microsoft Visual Studio Solution File, Format Version 12.00
# Visual Studio Version 17
VisualStudioVersion = 17.11.35312.102
MinimumVisualStudioVersion = 10.0.40219.1
Project("{FAE04EC0-301F-11D3-BF4B-00C04F79EFBC}") = "BoxOfT", "01.BoxOfT\BoxOfT.csproj", "{D3CF3CAB-EAAB-474A-B8CF-F750CE6CB54F}"
EndProject
Project("{FAE04EC0-301F-11D3-BF4B-00C04F79EFBC}") = "GenericArrayCreator", "02.GenericArrayCreator\GenericArrayCreator.csproj", "{B8EC49E9-BFE1-47A2-AFC0-9AA7C577F4D1}"
EndProject
Project("{FAE04EC0-301F-11D3-BF4B-00C04F79EFBC}") = "GenericScale", "03.GenericScale\GenericScale.csproj", "{58846151-D48D-4864-A455-EA3E070BE56E}"
EndProject
Global
	GlobalSection(SolutionConfigurationPlatforms) = preSolution
		Debug|Any CPU = Debug|Any CPU
		Release|Any CPU = Release|Any CPU
	EndGlobalSection
	GlobalSection(ProjectConfigurationPlatforms) = postSolution
		{D3CF3CAB-EAAB-474A-B8CF-F750CE6CB54F}.Debug|Any CPU.ActiveCfg = Debug|Any CPU
		{D3CF3CAB-EAAB-474A-B8CF-F750CE6CB54F}.Debug|Any CPU.Build.0 = Debug|Any CPU
		{D3CF3CAB-EAAB-474A-B8CF-F750CE6CB54F}.Release|Any CPU.ActiveCfg = Release|Any CPU
		{D3CF3CAB-EAAB-474A-B8CF-F750CE6CB54F}.Release|Any CPU.Build.0 = Release|Any CPU
		{B8EC49E9-BFE1-47A2-AFC0-9AA7C577F4D1}.Debug|Any CPU.ActiveCfg = Debug|Any CPU
		{B8EC49E9-BFE1-47A2-AFC0-9AA7C577F4D1}.Debug|Any CPU.Build.0 = Debug|Any CPU
		{B8EC49E9-BFE1-47A2-AFC0-9AA7C577F4D1}.Release|Any CPU.ActiveCfg = Release|Any CPU
		{B8EC49E9-BFE1-47A2-AFC0-9AA7C577F4D1}.Release|Any CPU.Build.0 = Release|Any CPU
		{58846151-D48D-4864-A455-EA3E070BE56E}.Debug|Any CPU.ActiveCfg = Debug|Any CPU
		{58846151-D48D-4864-A455-EA3E070BE56E}.Debug|Any CPU.Build.0 = Debug|Any CPU
		{58846151-D48D-4864-A455-EA3E070BE56E}.Release|Any CPU.ActiveCfg = Release|Any CPU
		{58846151-D48D-4864-A455-EA3E070BE56E}.Release|Any CPU.Build.0 = Release|Any CPU
	EndGlobalSection
	GlobalSection(SolutionProperties) = preSolution
		HideSolutionNode = FALSE
	EndGlobalSection
	GlobalSection(ExtensibilityGlobals) = postSolution
		SolutionGuid = {C5047DCF-5F78-4CB2-9944-71E94B19A211}
	EndGlobalSection
EndGlobal
