
Microsoft Visual Studio Solution File, Format Version 12.00
# Visual Studio Version 16
VisualStudioVersion = 16.0.34931.43
MinimumVisualStudioVersion = 10.0.40219.1
Project("{9A19103F-16F7-4668-BE54-9A1E7A4F7556}") = "01.SortEvenNumbers", "01.SortEvenNumbers\01.SortEvenNumbers.csproj", "{3B30ABC2-FD33-4447-9038-6D5062A91239}"
EndProject
Project("{FAE04EC0-301F-11D3-BF4B-00C04F79EFBC}") = "02.SumNumbers", "02.SumNumbers\02.SumNumbers.csproj", "{CED2E4E4-6C76-4173-8299-2238A49DA990}"
EndProject
Project("{FAE04EC0-301F-11D3-BF4B-00C04F79EFBC}") = "03.CountUppercaseWords", "03.CountUppercaseWords\03.CountUppercaseWords.csproj", "{C483A77C-69B9-450C-9A9B-C4A0ED789F55}"
EndProject
Project("{FAE04EC0-301F-11D3-BF4B-00C04F79EFBC}") = "04.AddVAT", "04.AddVAT\04.AddVAT.csproj", "{1EA55072-D71D-43B9-A5E7-8245B6C72354}"
EndProject
Project("{FAE04EC0-301F-11D3-BF4B-00C04F79EFBC}") = "05.FilterByAge", "05.FilterByAge\05.FilterByAge.csproj", "{7A237AB2-E735-4D2D-B334-639776673C56}"
EndProject
Global
	GlobalSection(SolutionConfigurationPlatforms) = preSolution
		Debug|Any CPU = Debug|Any CPU
		Release|Any CPU = Release|Any CPU
	EndGlobalSection
	GlobalSection(ProjectConfigurationPlatforms) = postSolution
		{3B30ABC2-FD33-4447-9038-6D5062A91239}.Debug|Any CPU.ActiveCfg = Debug|Any CPU
		{3B30ABC2-FD33-4447-9038-6D5062A91239}.Debug|Any CPU.Build.0 = Debug|Any CPU
		{3B30ABC2-FD33-4447-9038-6D5062A91239}.Release|Any CPU.ActiveCfg = Release|Any CPU
		{3B30ABC2-FD33-4447-9038-6D5062A91239}.Release|Any CPU.Build.0 = Release|Any CPU
		{CED2E4E4-6C76-4173-8299-2238A49DA990}.Debug|Any CPU.ActiveCfg = Debug|Any CPU
		{CED2E4E4-6C76-4173-8299-2238A49DA990}.Debug|Any CPU.Build.0 = Debug|Any CPU
		{CED2E4E4-6C76-4173-8299-2238A49DA990}.Release|Any CPU.ActiveCfg = Release|Any CPU
		{CED2E4E4-6C76-4173-8299-2238A49DA990}.Release|Any CPU.Build.0 = Release|Any CPU
		{C483A77C-69B9-450C-9A9B-C4A0ED789F55}.Debug|Any CPU.ActiveCfg = Debug|Any CPU
		{C483A77C-69B9-450C-9A9B-C4A0ED789F55}.Debug|Any CPU.Build.0 = Debug|Any CPU
		{C483A77C-69B9-450C-9A9B-C4A0ED789F55}.Release|Any CPU.ActiveCfg = Release|Any CPU
		{C483A77C-69B9-450C-9A9B-C4A0ED789F55}.Release|Any CPU.Build.0 = Release|Any CPU
		{1EA55072-D71D-43B9-A5E7-8245B6C72354}.Debug|Any CPU.ActiveCfg = Debug|Any CPU
		{1EA55072-D71D-43B9-A5E7-8245B6C72354}.Debug|Any CPU.Build.0 = Debug|Any CPU
		{1EA55072-D71D-43B9-A5E7-8245B6C72354}.Release|Any CPU.ActiveCfg = Release|Any CPU
		{1EA55072-D71D-43B9-A5E7-8245B6C72354}.Release|Any CPU.Build.0 = Release|Any CPU
		{7A237AB2-E735-4D2D-B334-639776673C56}.Debug|Any CPU.ActiveCfg = Debug|Any CPU
		{7A237AB2-E735-4D2D-B334-639776673C56}.Debug|Any CPU.Build.0 = Debug|Any CPU
		{7A237AB2-E735-4D2D-B334-639776673C56}.Release|Any CPU.ActiveCfg = Release|Any CPU
		{7A237AB2-E735-4D2D-B334-639776673C56}.Release|Any CPU.Build.0 = Release|Any CPU
	EndGlobalSection
	GlobalSection(SolutionProperties) = preSolution
		HideSolutionNode = FALSE
	EndGlobalSection
	GlobalSection(ExtensibilityGlobals) = postSolution
		SolutionGuid = {3602BBA3-999A-4132-91E5-6135B57B38E0}
	EndGlobalSection
EndGlobal
