
Microsoft Visual Studio Solution File, Format Version 12.00
# Visual Studio Version 16
VisualStudioVersion = 16.0.34931.43
MinimumVisualStudioVersion = 10.0.40219.1
Project("{9A19103F-16F7-4668-BE54-9A1E7A4F7556}") = "01.CustomListClass", "01.CustomListClass\01.CustomListClass.csproj", "{B8BB6413-9A37-4603-8A56-F86AFF52ADD6}"
EndProject
Project("{FAE04EC0-301F-11D3-BF4B-00C04F79EFBC}") = "02.CustomStackClass", "02.CustomStackClass\02.CustomStackClass.csproj", "{16EFEA85-638C-4818-961A-92B30EFB0BE5}"
EndProject
Project("{FAE04EC0-301F-11D3-BF4B-00C04F79EFBC}") = "03.CustomQueueClass", "03.CustomQueueClass\03.CustomQueueClass.csproj", "{52967263-042A-424E-815E-10AB80F49936}"
EndProject
Global
	GlobalSection(SolutionConfigurationPlatforms) = preSolution
		Debug|Any CPU = Debug|Any CPU
		Release|Any CPU = Release|Any CPU
	EndGlobalSection
	GlobalSection(ProjectConfigurationPlatforms) = postSolution
		{B8BB6413-9A37-4603-8A56-F86AFF52ADD6}.Debug|Any CPU.ActiveCfg = Debug|Any CPU
		{B8BB6413-9A37-4603-8A56-F86AFF52ADD6}.Debug|Any CPU.Build.0 = Debug|Any CPU
		{B8BB6413-9A37-4603-8A56-F86AFF52ADD6}.Release|Any CPU.ActiveCfg = Release|Any CPU
		{B8BB6413-9A37-4603-8A56-F86AFF52ADD6}.Release|Any CPU.Build.0 = Release|Any CPU
		{16EFEA85-638C-4818-961A-92B30EFB0BE5}.Debug|Any CPU.ActiveCfg = Debug|Any CPU
		{16EFEA85-638C-4818-961A-92B30EFB0BE5}.Debug|Any CPU.Build.0 = Debug|Any CPU
		{16EFEA85-638C-4818-961A-92B30EFB0BE5}.Release|Any CPU.ActiveCfg = Release|Any CPU
		{16EFEA85-638C-4818-961A-92B30EFB0BE5}.Release|Any CPU.Build.0 = Release|Any CPU
		{52967263-042A-424E-815E-10AB80F49936}.Debug|Any CPU.ActiveCfg = Debug|Any CPU
		{52967263-042A-424E-815E-10AB80F49936}.Debug|Any CPU.Build.0 = Debug|Any CPU
		{52967263-042A-424E-815E-10AB80F49936}.Release|Any CPU.ActiveCfg = Release|Any CPU
		{52967263-042A-424E-815E-10AB80F49936}.Release|Any CPU.Build.0 = Release|Any CPU
	EndGlobalSection
	GlobalSection(SolutionProperties) = preSolution
		HideSolutionNode = FALSE
	EndGlobalSection
	GlobalSection(ExtensibilityGlobals) = postSolution
		SolutionGuid = {32855370-9C3A-448E-B210-0C669C85524D}
	EndGlobalSection
EndGlobal
