
Microsoft Visual Studio Solution File, Format Version 12.00
# Visual Studio Version 16
VisualStudioVersion = 16.0.34931.43
MinimumVisualStudioVersion = 10.0.40219.1
Project("{FAE04EC0-301F-11D3-BF4B-00C04F79EFBC}") = "01.DataTypes", "01.DataTypes\01.DataTypes.csproj", "{C31AA146-C504-4CD2-94BE-445963BF715F}"
EndProject
Project("{FAE04EC0-301F-11D3-BF4B-00C04F79EFBC}") = "02.CenterPoint", "02.CenterPoint\02.CenterPoint.csproj", "{A55662DA-0B3D-48E3-B1D3-F4B775FD4CEE}"
EndProject
Global
	GlobalSection(SolutionConfigurationPlatforms) = preSolution
		Debug|Any CPU = Debug|Any CPU
		Release|Any CPU = Release|Any CPU
	EndGlobalSection
	GlobalSection(ProjectConfigurationPlatforms) = postSolution
		{C31AA146-C504-4CD2-94BE-445963BF715F}.Debug|Any CPU.ActiveCfg = Debug|Any CPU
		{C31AA146-C504-4CD2-94BE-445963BF715F}.Debug|Any CPU.Build.0 = Debug|Any CPU
		{C31AA146-C504-4CD2-94BE-445963BF715F}.Release|Any CPU.ActiveCfg = Release|Any CPU
		{C31AA146-C504-4CD2-94BE-445963BF715F}.Release|Any CPU.Build.0 = Release|Any CPU
		{A55662DA-0B3D-48E3-B1D3-F4B775FD4CEE}.Debug|Any CPU.ActiveCfg = Debug|Any CPU
		{A55662DA-0B3D-48E3-B1D3-F4B775FD4CEE}.Debug|Any CPU.Build.0 = Debug|Any CPU
		{A55662DA-0B3D-48E3-B1D3-F4B775FD4CEE}.Release|Any CPU.ActiveCfg = Release|Any CPU
		{A55662DA-0B3D-48E3-B1D3-F4B775FD4CEE}.Release|Any CPU.Build.0 = Release|Any CPU
	EndGlobalSection
	GlobalSection(SolutionProperties) = preSolution
		HideSolutionNode = FALSE
	EndGlobalSection
	GlobalSection(ExtensibilityGlobals) = postSolution
		SolutionGuid = {6BB03203-88A2-4375-A1B5-89E1F1F54432}
	EndGlobalSection
EndGlobal
